// !$*UTF8*$!
{
	archiveVersion = 1;
	classes = {
	};
	objectVersion = 56;
	objects = {

/* Begin PBXBuildFile section */
		FD876D822A782C2900E128E5 /* PhoneListServerApp.swift in Sources */ = {isa = PBXBuildFile; fileRef = FD876D812A782C2900E128E5 /* PhoneListServerApp.swift */; };
		FD876D842A782C2900E128E5 /* ContentView.swift in Sources */ = {isa = PBXBuildFile; fileRef = FD876D832A782C2900E128E5 /* ContentView.swift */; };
		FD876D862A782C2900E128E5 /* Assets.xcassets in Resources */ = {isa = PBXBuildFile; fileRef = FD876D852A782C2900E128E5 /* Assets.xcassets */; };
		FD876D892A782C2900E128E5 /* Preview Assets.xcassets in Resources */ = {isa = PBXBuildFile; fileRef = FD876D882A782C2900E128E5 /* Preview Assets.xcassets */; };
		FD876D922A782ED200E128E5 /* Swifter in Frameworks */ = {isa = PBXBuildFile; productRef = FD876D912A782ED200E128E5 /* Swifter */; };
		FD876D942A782F6500E128E5 /* Server.swift in Sources */ = {isa = PBXBuildFile; fileRef = FD876D932A782F6500E128E5 /* Server.swift */; };
/* End PBXBuildFile section */

/* Begin PBXFileReference section */
		FD876D7E2A782C2900E128E5 /* phoneListServer.app */ = {isa = PBXFileReference; explicitFileType = wrapper.application; includeInIndex = 0; path = phoneListServer.app; sourceTree = BUILT_PRODUCTS_DIR; };
		FD876D812A782C2900E128E5 /* PhoneListServerApp.swift */ = {isa = PBXFileReference; lastKnownFileType = sourcecode.swift; path = PhoneListServerApp.swift; sourceTree = "<group>"; };
		FD876D832A782C2900E128E5 /* ContentView.swift */ = {isa = PBXFileReference; lastKnownFileType = sourcecode.swift; path = ContentView.swift; sourceTree = "<group>"; };
		FD876D852A782C2900E128E5 /* Assets.xcassets */ = {isa = PBXFileReference; lastKnownFileType = folder.assetcatalog; path = Assets.xcassets; sourceTree = "<group>"; };
		FD876D882A782C2900E128E5 /* Preview Assets.xcassets */ = {isa = PBXFileReference; lastKnownFileType = folder.assetcatalog; path = "Preview Assets.xcassets"; sourceTree = "<group>"; };
		FD876D8A2A782C2900E128E5 /* phoneListServer.entitlements */ = {isa = PBXFileReference; lastKnownFileType = text.plist.entitlements; path = phoneListServer.entitlements; sourceTree = "<group>"; };
		FD876D932A782F6500E128E5 /* Server.swift */ = {isa = PBXFileReference; lastKnownFileType = sourcecode.swift; path = Server.swift; sourceTree = "<group>"; };
/* End PBXFileReference section */

/* Begin PBXFrameworksBuildPhase section */
		FD876D7B2A782C2900E128E5 /* Frameworks */ = {
			isa = PBXFrameworksBuildPhase;
			buildActionMask = 2147483647;
			files = (
				FD876D922A782ED200E128E5 /* Swifter in Frameworks */,
			);
			runOnlyForDeploymentPostprocessing = 0;
		};
/* End PBXFrameworksBuildPhase section */

/* Begin PBXGroup section */
		FD876D752A782C2800E128E5 = {
			isa = PBXGroup;
			children = (
				FD876D802A782C2900E128E5 /* phoneListServer */,
				FD876D7F2A782C2900E128E5 /* Products */,
			);
			sourceTree = "<group>";
		};
		FD876D7F2A782C2900E128E5 /* Products */ = {
			isa = PBXGroup;
			children = (
				FD876D7E2A782C2900E128E5 /* phoneListServer.app */,
			);
			name = Products;
			sourceTree = "<group>";
		};
		FD876D802A782C2900E128E5 /* phoneListServer */ = {
			isa = PBXGroup;
			children = (
				FD876D812A782C2900E128E5 /* PhoneListServerApp.swift */,
				FD876D832A782C2900E128E5 /* ContentView.swift */,
				FD876D852A782C2900E128E5 /* Assets.xcassets */,
				FD876D8A2A782C2900E128E5 /* phoneListServer.entitlements */,
				FD876D872A782C2900E128E5 /* Preview Content */,
				FD876D932A782F6500E128E5 /* Server.swift */,
			);
			path = phoneListServer;
			sourceTree = "<group>";
		};
		FD876D872A782C2900E128E5 /* Preview Content */ = {
			isa = PBXGroup;
			children = (
				FD876D882A782C2900E128E5 /* Preview Assets.xcassets */,
			);
			path = "Preview Content";
			sourceTree = "<group>";
		};
/* End PBXGroup section */

/* Begin PBXNativeTarget section */
		FD876D7D2A782C2900E128E5 /* phoneListServer */ = {
			isa = PBXNativeTarget;
			buildConfigurationList = FD876D8D2A782C2900E128E5 /* Build configuration list for PBXNativeTarget "phoneListServer" */;
			buildPhases = (
				FD876D7A2A782C2900E128E5 /* Sources */,
				FD876D7B2A782C2900E128E5 /* Frameworks */,
				FD876D7C2A782C2900E128E5 /* Resources */,
			);
			buildRules = (
			);
			dependencies = (
			);
			name = phoneListServer;
			packageProductDependencies = (
				FD876D912A782ED200E128E5 /* Swifter */,
			);
			productName = phoneListServer;
			productReference = FD876D7E2A782C2900E128E5 /* phoneListServer.app */;
			productType = "com.apple.product-type.application";
		};
/* End PBXNativeTarget section */

/* Begin PBXProject section */
		FD876D762A782C2800E128E5 /* Project object */ = {
			isa = PBXProject;
			attributes = {
				BuildIndependentTargetsInParallel = 1;
				LastSwiftUpdateCheck = 1430;
				LastUpgradeCheck = 1430;
				TargetAttributes = {
					FD876D7D2A782C2900E128E5 = {
						CreatedOnToolsVersion = 14.3.1;
					};
				};
			};
			buildConfigurationList = FD876D792A782C2800E128E5 /* Build configuration list for PBXProject "phoneListServer" */;
			compatibilityVersion = "Xcode 14.0";
			developmentRegion = en;
			hasScannedForEncodings = 0;
			knownRegions = (
				en,
				Base,
			);
			mainGroup = FD876D752A782C2800E128E5;
			packageReferences = (
				FD876D902A782ED200E128E5 /* XCRemoteSwiftPackageReference "swifter" */,
			);
			productRefGroup = FD876D7F2A782C2900E128E5 /* Products */;
			projectDirPath = "";
			projectRoot = "";
			targets = (
				FD876D7D2A782C2900E128E5 /* phoneListServer */,
			);
		};
/* End PBXProject section */

/* Begin PBXResourcesBuildPhase section */
		FD876D7C2A782C2900E128E5 /* Resources */ = {
			isa = PBXResourcesBuildPhase;
			buildActionMask = 2147483647;
			files = (
				FD876D892A782C2900E128E5 /* Preview Assets.xcassets in Resources */,
				FD876D862A782C2900E128E5 /* Assets.xcassets in Resources */,
			);
			runOnlyForDeploymentPostprocessing = 0;
		};
/* End PBXResourcesBuildPhase section */

/* Begin PBXSourcesBuildPhase section */
		FD876D7A2A782C2900E128E5 /* Sources */ = {
			isa = PBXSourcesBuildPhase;
			buildActionMask = 2147483647;
			files = (
				FD876D842A782C2900E128E5 /* ContentView.swift in Sources */,
				FD876D942A782F6500E128E5 /* Server.swift in Sources */,
				FD876D822A782C2900E128E5 /* PhoneListServerApp.swift in Sources */,
			);
			runOnlyForDeploymentPostprocessing = 0;
		};
/* End PBXSourcesBuildPhase section */

/* Begin XCBuildConfiguration section */
		FD876D8B2A782C2900E128E5 /* Debug */ = {
			isa = XCBuildConfiguration;
			buildSettings = {
				ALWAYS_SEARCH_USER_PATHS = NO;
				CLANG_ANALYZER_NONNULL = YES;
				CLANG_ANALYZER_NUMBER_OBJECT_CONVERSION = YES_AGGRESSIVE;
				CLANG_CXX_LANGUAGE_STANDARD = "gnu++20";
				CLANG_ENABLE_MODULES = YES;
				CLANG_ENABLE_OBJC_ARC = YES;
				CLANG_ENABLE_OBJC_WEAK = YES;
				CLANG_WARN_BLOCK_CAPTURE_AUTORELEASING = YES;
				CLANG_WARN_BOOL_CONVERSION = YES;
				CLANG_WARN_COMMA = YES;
				CLANG_WARN_CONSTANT_CONVERSION = YES;
				CLANG_WARN_DEPRECATED_OBJC_IMPLEMENTATIONS = YES;
				CLANG_WARN_DIRECT_OBJC_ISA_USAGE = YES_ERROR;
				CLANG_WARN_DOCUMENTATION_COMMENTS = YES;
				CLANG_WARN_EMPTY_BODY = YES;
				CLANG_WARN_ENUM_CONVERSION = YES;
				CLANG_WARN_INFINITE_RECURSION = YES;
				CLANG_WARN_INT_CONVERSION = YES;
				CLANG_WARN_NON_LITERAL_NULL_CONVERSION = YES;
				CLANG_WARN_OBJC_IMPLICIT_RETAIN_SELF = YES;
				CLANG_WARN_OBJC_LITERAL_CONVERSION = YES;
				CLANG_WARN_OBJC_ROOT_CLASS = YES_ERROR;
				CLANG_WARN_QUOTED_INCLUDE_IN_FRAMEWORK_HEADER = YES;
				CLANG_WARN_RANGE_LOOP_ANALYSIS = YES;
				CLANG_WARN_STRICT_PROTOTYPES = YES;
				CLANG_WARN_SUSPICIOUS_MOVE = YES;
				CLANG_WARN_UNGUARDED_AVAILABILITY = YES_AGGRESSIVE;
				CLANG_WARN_UNREACHABLE_CODE = YES;
				CLANG_WARN__DUPLICATE_METHOD_MATCH = YES;
				COPY_PHASE_STRIP = NO;
				DEBUG_INFORMATION_FORMAT = dwarf;
				ENABLE_STRICT_OBJC_MSGSEND = YES;
				ENABLE_TESTABILITY = YES;
				GCC_C_LANGUAGE_STANDARD = gnu11;
				GCC_DYNAMIC_NO_PIC = NO;
				GCC_NO_COMMON_BLOCKS = YES;
				GCC_OPTIMIZATION_LEVEL = 0;
				GCC_PREPROCESSOR_DEFINITIONS = (
					"DEBUG=1",
					"$(inherited)",
				);
				GCC_WARN_64_TO_32_BIT_CONVERSION = YES;
				GCC_WARN_ABOUT_RETURN_TYPE = YES_ERROR;
				GCC_WARN_UNDECLARED_SELECTOR = YES;
				GCC_WARN_UNINITIALIZED_AUTOS = YES_AGGRESSIVE;
				GCC_WARN_UNUSED_FUNCTION = YES;
				GCC_WARN_UNUSED_VARIABLE = YES;
				MACOSX_DEPLOYMENT_TARGET = 13.3;
				MTL_ENABLE_DEBUG_INFO = INCLUDE_SOURCE;
				MTL_FAST_MATH = YES;
				ONLY_ACTIVE_ARCH = YES;
				SDKROOT = macosx;
				SWIFT_ACTIVE_COMPILATION_CONDITIONS = DEBUG;
				SWIFT_OPTIMIZATION_LEVEL = "-Onone";
			};
			name = Debug;
		};
		FD876D8C2A782C2900E128E5 /* Release */ = {
			isa = XCBuildConfiguration;
			buildSettings = {
				ALWAYS_SEARCH_USER_PATHS = NO;
				CLANG_ANALYZER_NONNULL = YES;
				CLANG_ANALYZER_NUMBER_OBJECT_CONVERSION = YES_AGGRESSIVE;
				CLANG_CXX_LANGUAGE_STANDARD = "gnu++20";
				CLANG_ENABLE_MODULES = YES;
				CLANG_ENABLE_OBJC_ARC = YES;
				CLANG_ENABLE_OBJC_WEAK = YES;
				CLANG_WARN_BLOCK_CAPTURE_AUTORELEASING = YES;
				CLANG_WARN_BOOL_CONVERSION = YES;
				CLANG_WARN_COMMA = YES;
				CLANG_WARN_CONSTANT_CONVERSION = YES;
				CLANG_WARN_DEPRECATED_OBJC_IMPLEMENTATIONS = YES;
				CLANG_WARN_DIRECT_OBJC_ISA_USAGE = YES_ERROR;
				CLANG_WARN_DOCUMENTATION_COMMENTS = YES;
				CLANG_WARN_EMPTY_BODY = YES;
				CLANG_WARN_ENUM_CONVERSION = YES;
				CLANG_WARN_INFINITE_RECURSION = YES;
				CLANG_WARN_INT_CONVERSION = YES;
				CLANG_WARN_NON_LITERAL_NULL_CONVERSION = YES;
				CLANG_WARN_OBJC_IMPLICIT_RETAIN_SELF = YES;
				CLANG_WARN_OBJC_LITERAL_CONVERSION = YES;
				CLANG_WARN_OBJC_ROOT_CLASS = YES_ERROR;
				CLANG_WARN_QUOTED_INCLUDE_IN_FRAMEWORK_HEADER = YES;
				CLANG_WARN_RANGE_LOOP_ANALYSIS = YES;
				CLANG_WARN_STRICT_PROTOTYPES = YES;
				CLANG_WARN_SUSPICIOUS_MOVE = YES;
				CLANG_WARN_UNGUARDED_AVAILABILITY = YES_AGGRESSIVE;
				CLANG_WARN_UNREACHABLE_CODE = YES;
				CLANG_WARN__DUPLICATE_METHOD_MATCH = YES;
				COPY_PHASE_STRIP = NO;
				DEBUG_INFORMATION_FORMAT = "dwarf-with-dsym";
				ENABLE_NS_ASSERTIONS = NO;
				ENABLE_STRICT_OBJC_MSGSEND = YES;
				GCC_C_LANGUAGE_STANDARD = gnu11;
				GCC_NO_COMMON_BLOCKS = YES;
				GCC_WARN_64_TO_32_BIT_CONVERSION = YES;
				GCC_WARN_ABOUT_RETURN_TYPE = YES_ERROR;
				GCC_WARN_UNDECLARED_SELECTOR = YES;
				GCC_WARN_UNINITIALIZED_AUTOS = YES_AGGRESSIVE;
				GCC_WARN_UNUSED_FUNCTION = YES;
				GCC_WARN_UNUSED_VARIABLE = YES;
				MACOSX_DEPLOYMENT_TARGET = 13.3;
				MTL_ENABLE_DEBUG_INFO = NO;
				MTL_FAST_MATH = YES;
				SDKROOT = macosx;
				SWIFT_COMPILATION_MODE = wholemodule;
				SWIFT_OPTIMIZATION_LEVEL = "-O";
			};
			name = Release;
		};
		FD876D8E2A782C2900E128E5 /* Debug */ = {
			isa = XCBuildConfiguration;
			buildSettings = {
				ASSETCATALOG_COMPILER_APPICON_NAME = AppIcon;
				ASSETCATALOG_COMPILER_GLOBAL_ACCENT_COLOR_NAME = AccentColor;
				CODE_SIGN_ENTITLEMENTS = phoneListServer/phoneListServer.entitlements;
				CODE_SIGN_STYLE = Automatic;
				COMBINE_HIDPI_IMAGES = YES;
				CURRENT_PROJECT_VERSION = 1;
				DEVELOPMENT_ASSET_PATHS = "\"phoneListServer/Preview Content\"";
				DEVELOPMENT_TEAM = 28B3AZ7NWT;
				ENABLE_HARDENED_RUNTIME = YES;
				ENABLE_PREVIEWS = YES;
				GENERATE_INFOPLIST_FILE = YES;
				INFOPLIST_KEY_NSHumanReadableCopyright = "";
				LD_RUNPATH_SEARCH_PATHS = (
					"$(inherited)",
					"@executable_path/../Frameworks",
				);
				MARKETING_VERSION = 1.0;
				PRODUCT_BUNDLE_IDENTIFIER = com.seis.phoneListServer;
				PRODUCT_NAME = "$(TARGET_NAME)";
				SWIFT_EMIT_LOC_STRINGS = YES;
				SWIFT_VERSION = 5.0;
			};
			name = Debug;
		};
		FD876D8F2A782C2900E128E5 /* Release */ = {
			isa = XCBuildConfiguration;
			buildSettings = {
				ASSETCATALOG_COMPILER_APPICON_NAME = AppIcon;
				ASSETCATALOG_COMPILER_GLOBAL_ACCENT_COLOR_NAME = AccentColor;
				CODE_SIGN_ENTITLEMENTS = phoneListServer/phoneListServer.entitlements;
				CODE_SIGN_STYLE = Automatic;
				COMBINE_HIDPI_IMAGES = YES;
				CURRENT_PROJECT_VERSION = 1;
				DEVELOPMENT_ASSET_PATHS = "\"phoneListServer/Preview Content\"";
				DEVELOPMENT_TEAM = 28B3AZ7NWT;
				ENABLE_HARDENED_RUNTIME = YES;
				ENABLE_PREVIEWS = YES;
				GENERATE_INFOPLIST_FILE = YES;
				INFOPLIST_KEY_NSHumanReadableCopyright = "";
				LD_RUNPATH_SEARCH_PATHS = (
					"$(inherited)",
					"@executable_path/../Frameworks",
				);
				MARKETING_VERSION = 1.0;
				PRODUCT_BUNDLE_IDENTIFIER = com.seis.phoneListServer;
				PRODUCT_NAME = "$(TARGET_NAME)";
				SWIFT_EMIT_LOC_STRINGS = YES;
				SWIFT_VERSION = 5.0;
			};
			name = Release;
		};
/* End XCBuildConfiguration section */

/* Begin XCConfigurationList section */
		FD876D792A782C2800E128E5 /* Build configuration list for PBXProject "phoneListServer" */ = {
			isa = XCConfigurationList;
			buildConfigurations = (
				FD876D8B2A782C2900E128E5 /* Debug */,
				FD876D8C2A782C2900E128E5 /* Release */,
			);
			defaultConfigurationIsVisible = 0;
			defaultConfigurationName = Release;
		};
		FD876D8D2A782C2900E128E5 /* Build configuration list for PBXNativeTarget "phoneListServer" */ = {
			isa = XCConfigurationList;
			buildConfigurations = (
				FD876D8E2A782C2900E128E5 /* Debug */,
				FD876D8F2A782C2900E128E5 /* Release */,
			);
			defaultConfigurationIsVisible = 0;
			defaultConfigurationName = Release;
		};
/* End XCConfigurationList section */

/* Begin XCRemoteSwiftPackageReference section */
		FD876D902A782ED200E128E5 /* XCRemoteSwiftPackageReference "swifter" */ = {
			isa = XCRemoteSwiftPackageReference;
			repositoryURL = "https://github.com/httpswift/swifter.git";
			requirement = {
				kind = upToNextMajorVersion;
				minimumVersion = 1.0.0;
			};
		};
/* End XCRemoteSwiftPackageReference section */

/* Begin XCSwiftPackageProductDependency section */
		FD876D912A782ED200E128E5 /* Swifter */ = {
			isa = XCSwiftPackageProductDependency;
			package = FD876D902A782ED200E128E5 /* XCRemoteSwiftPackageReference "swifter" */;
			productName = Swifter;
		};
/* End XCSwiftPackageProductDependency section */
	};
	rootObject = FD876D762A782C2800E128E5 /* Project object */;
}
